
Microsoft Visual Studio Solution File, Format Version 12.00
# Visual Studio Version 16
VisualStudioVersion = 25.0.1700.0
MinimumVisualStudioVersion = 10.0.40219.1
Project("{FAE04EC0-301F-11D3-BF4B-00C04F79EFBC}") = "Shared", "Shared\Shared.csproj", "{97B898D0-B93B-4529-9A9C-D9B32E9EFAF6}"
EndProject
Project("{FAE04EC0-301F-11D3-BF4B-00C04F79EFBC}") = "2015", "2015\2015.csproj", "{A0E61471-CE73-4FEA-9450-960D4C3FE35C}"
EndProject
Project("{FAE04EC0-301F-11D3-BF4B-00C04F79EFBC}") = "AdventOfCode", "AdventOfCode\AdventOfCode.csproj", "{AC66B256-2D57-4B64-9571-D9E77D0CA9D8}"
EndProject
Project("{FAE04EC0-301F-11D3-BF4B-00C04F79EFBC}") = "2021", "2021\2021.csproj", "{0E056934-BC55-41F0-9B46-3E175A91012C}"
EndProject
Project("{FAE04EC0-301F-11D3-BF4B-00C04F79EFBC}") = "2020", "2020\2020.csproj", "{1F7A2EF5-9307-4D03-A041-CC9D23E6B909}"
EndProject
Project("{FAE04EC0-301F-11D3-BF4B-00C04F79EFBC}") = "2022", "2022\2022.csproj", "{662598EB-A8F0-4662-8F7F-4124BD3F04E8}"
EndProject
Global
	GlobalSection(SolutionConfigurationPlatforms) = preSolution
		Debug|Any CPU = Debug|Any CPU
		Release|Any CPU = Release|Any CPU
	EndGlobalSection
	GlobalSection(ProjectConfigurationPlatforms) = postSolution
		{97B898D0-B93B-4529-9A9C-D9B32E9EFAF6}.Debug|Any CPU.ActiveCfg = Debug|Any CPU
		{97B898D0-B93B-4529-9A9C-D9B32E9EFAF6}.Debug|Any CPU.Build.0 = Debug|Any CPU
		{97B898D0-B93B-4529-9A9C-D9B32E9EFAF6}.Release|Any CPU.ActiveCfg = Release|Any CPU
		{97B898D0-B93B-4529-9A9C-D9B32E9EFAF6}.Release|Any CPU.Build.0 = Release|Any CPU
		{A0E61471-CE73-4FEA-9450-960D4C3FE35C}.Debug|Any CPU.ActiveCfg = Debug|Any CPU
		{A0E61471-CE73-4FEA-9450-960D4C3FE35C}.Debug|Any CPU.Build.0 = Debug|Any CPU
		{A0E61471-CE73-4FEA-9450-960D4C3FE35C}.Release|Any CPU.ActiveCfg = Release|Any CPU
		{A0E61471-CE73-4FEA-9450-960D4C3FE35C}.Release|Any CPU.Build.0 = Release|Any CPU
		{AC66B256-2D57-4B64-9571-D9E77D0CA9D8}.Debug|Any CPU.ActiveCfg = Debug|Any CPU
		{AC66B256-2D57-4B64-9571-D9E77D0CA9D8}.Debug|Any CPU.Build.0 = Debug|Any CPU
		{AC66B256-2D57-4B64-9571-D9E77D0CA9D8}.Release|Any CPU.ActiveCfg = Release|Any CPU
		{AC66B256-2D57-4B64-9571-D9E77D0CA9D8}.Release|Any CPU.Build.0 = Release|Any CPU
		{0E056934-BC55-41F0-9B46-3E175A91012C}.Debug|Any CPU.ActiveCfg = Debug|Any CPU
		{0E056934-BC55-41F0-9B46-3E175A91012C}.Debug|Any CPU.Build.0 = Debug|Any CPU
		{0E056934-BC55-41F0-9B46-3E175A91012C}.Release|Any CPU.ActiveCfg = Release|Any CPU
		{0E056934-BC55-41F0-9B46-3E175A91012C}.Release|Any CPU.Build.0 = Release|Any CPU
		{1F7A2EF5-9307-4D03-A041-CC9D23E6B909}.Debug|Any CPU.ActiveCfg = Debug|Any CPU
		{1F7A2EF5-9307-4D03-A041-CC9D23E6B909}.Debug|Any CPU.Build.0 = Debug|Any CPU
		{1F7A2EF5-9307-4D03-A041-CC9D23E6B909}.Release|Any CPU.ActiveCfg = Release|Any CPU
		{1F7A2EF5-9307-4D03-A041-CC9D23E6B909}.Release|Any CPU.Build.0 = Release|Any CPU
		{662598EB-A8F0-4662-8F7F-4124BD3F04E8}.Debug|Any CPU.ActiveCfg = Debug|Any CPU
		{662598EB-A8F0-4662-8F7F-4124BD3F04E8}.Debug|Any CPU.Build.0 = Debug|Any CPU
		{662598EB-A8F0-4662-8F7F-4124BD3F04E8}.Release|Any CPU.ActiveCfg = Release|Any CPU
		{662598EB-A8F0-4662-8F7F-4124BD3F04E8}.Release|Any CPU.Build.0 = Release|Any CPU
	EndGlobalSection
	GlobalSection(SolutionProperties) = preSolution
		HideSolutionNode = FALSE
	EndGlobalSection
	GlobalSection(ExtensibilityGlobals) = postSolution
		SolutionGuid = {2F6458DB-D8CC-471F-9CE1-84CF17D7FBEC}
	EndGlobalSection
EndGlobal
